
Microsoft Visual Studio Solution File, Format Version 10.00
# Visual Studio 2008
Project("{8BC9CEB8-8B4A-11D0-8D11-00A0C91BC942}") = "CAENVmeDemoPro", "CAENVmeDemoPro\CAENVmeDemoPro.vcproj", "{6F625380-47E8-4493-960C-F4030A69EB62}"
EndProject
Global
	GlobalSection(SolutionConfigurationPlatforms) = preSolution
		Debug|Win32 = Debug|Win32
		Release|Win32 = Release|Win32
	EndGlobalSection
	GlobalSection(ProjectConfigurationPlatforms) = postSolution
		{6F625380-47E8-4493-960C-F4030A69EB62}.Debug|Win32.ActiveCfg = Debug|Win32
		{6F625380-47E8-4493-960C-F4030A69EB62}.Debug|Win32.Build.0 = Debug|Win32
		{6F625380-47E8-4493-960C-F4030A69EB62}.Release|Win32.ActiveCfg = Release|Win32
		{6F625380-47E8-4493-960C-F4030A69EB62}.Release|Win32.Build.0 = Release|Win32
	EndGlobalSection
	GlobalSection(SolutionProperties) = preSolution
		HideSolutionNode = FALSE
	EndGlobalSection
EndGlobal
